// !$*UTF8*$!
{
	archiveVersion = 1;
	classes = {
	};
	objectVersion = 50;
	objects = {

/* Begin PBXBuildFile section */
		8513915B2467BA6E00DCE576 /* WordForm.swift in Sources */ = {isa = PBXBuildFile; fileRef = 8513915A2467BA6E00DCE576 /* WordForm.swift */; };
		8513915E2467C19000DCE576 /* color.swift in Sources */ = {isa = PBXBuildFile; fileRef = 8513915D2467C19000DCE576 /* color.swift */; };
		851391602467F2EF00DCE576 /* textfield.swift in Sources */ = {isa = PBXBuildFile; fileRef = 8513915F2467F2EF00DCE576 /* textfield.swift */; };
		85C805B52467969F0046A84B /* AppDelegate.swift in Sources */ = {isa = PBXBuildFile; fileRef = 85C805B42467969F0046A84B /* AppDelegate.swift */; };
		85C805B72467969F0046A84B /* SceneDelegate.swift in Sources */ = {isa = PBXBuildFile; fileRef = 85C805B62467969F0046A84B /* SceneDelegate.swift */; };
		85C805B92467969F0046A84B /* ContentView.swift in Sources */ = {isa = PBXBuildFile; fileRef = 85C805B82467969F0046A84B /* ContentView.swift */; };
		85C805BB246796A10046A84B /* Assets.xcassets in Resources */ = {isa = PBXBuildFile; fileRef = 85C805BA246796A10046A84B /* Assets.xcassets */; };
		85C805BE246796A10046A84B /* Preview Assets.xcassets in Resources */ = {isa = PBXBuildFile; fileRef = 85C805BD246796A10046A84B /* Preview Assets.xcassets */; };
		85C805C1246796A10046A84B /* LaunchScreen.storyboard in Resources */ = {isa = PBXBuildFile; fileRef = 85C805BF246796A10046A84B /* LaunchScreen.storyboard */; };
		85C805CA246796F40046A84B /* WordColumn.swift in Sources */ = {isa = PBXBuildFile; fileRef = 85C805C9246796F40046A84B /* WordColumn.swift */; };
		85C805CD246797250046A84B /* Word.swift in Sources */ = {isa = PBXBuildFile; fileRef = 85C805CC246797250046A84B /* Word.swift */; };
		85C805CF246797820046A84B /* API.swift in Sources */ = {isa = PBXBuildFile; fileRef = 85C805CE246797820046A84B /* API.swift */; };
		85C805D124679A2F0046A84B /* WordDetail.swift in Sources */ = {isa = PBXBuildFile; fileRef = 85C805D024679A2F0046A84B /* WordDetail.swift */; };
		85C805D324679B800046A84B /* WordList.swift in Sources */ = {isa = PBXBuildFile; fileRef = 85C805D224679B800046A84B /* WordList.swift */; };
/* End PBXBuildFile section */

/* Begin PBXFileReference section */
		8513915A2467BA6E00DCE576 /* WordForm.swift */ = {isa = PBXFileReference; lastKnownFileType = sourcecode.swift; path = WordForm.swift; sourceTree = "<group>"; };
		8513915D2467C19000DCE576 /* color.swift */ = {isa = PBXFileReference; lastKnownFileType = sourcecode.swift; path = color.swift; sourceTree = "<group>"; };
		8513915F2467F2EF00DCE576 /* textfield.swift */ = {isa = PBXFileReference; lastKnownFileType = sourcecode.swift; path = textfield.swift; sourceTree = "<group>"; };
		85C805B12467969F0046A84B /* cqq.app */ = {isa = PBXFileReference; explicitFileType = wrapper.application; includeInIndex = 0; path = cqq.app; sourceTree = BUILT_PRODUCTS_DIR; };
		85C805B42467969F0046A84B /* AppDelegate.swift */ = {isa = PBXFileReference; lastKnownFileType = sourcecode.swift; path = AppDelegate.swift; sourceTree = "<group>"; };
		85C805B62467969F0046A84B /* SceneDelegate.swift */ = {isa = PBXFileReference; lastKnownFileType = sourcecode.swift; path = SceneDelegate.swift; sourceTree = "<group>"; };
		85C805B82467969F0046A84B /* ContentView.swift */ = {isa = PBXFileReference; lastKnownFileType = sourcecode.swift; path = ContentView.swift; sourceTree = "<group>"; };
		85C805BA246796A10046A84B /* Assets.xcassets */ = {isa = PBXFileReference; lastKnownFileType = folder.assetcatalog; path = Assets.xcassets; sourceTree = "<group>"; };
		85C805BD246796A10046A84B /* Preview Assets.xcassets */ = {isa = PBXFileReference; lastKnownFileType = folder.assetcatalog; path = "Preview Assets.xcassets"; sourceTree = "<group>"; };
		85C805C0246796A10046A84B /* Base */ = {isa = PBXFileReference; lastKnownFileType = file.storyboard; name = Base; path = Base.lproj/LaunchScreen.storyboard; sourceTree = "<group>"; };
		85C805C2246796A10046A84B /* Info.plist */ = {isa = PBXFileReference; lastKnownFileType = text.plist.xml; path = Info.plist; sourceTree = "<group>"; };
		85C805C9246796F40046A84B /* WordColumn.swift */ = {isa = PBXFileReference; lastKnownFileType = sourcecode.swift; path = WordColumn.swift; sourceTree = "<group>"; };
		85C805CC246797250046A84B /* Word.swift */ = {isa = PBXFileReference; lastKnownFileType = sourcecode.swift; path = Word.swift; sourceTree = "<group>"; };
		85C805CE246797820046A84B /* API.swift */ = {isa = PBXFileReference; lastKnownFileType = sourcecode.swift; path = API.swift; sourceTree = "<group>"; };
		85C805D024679A2F0046A84B /* WordDetail.swift */ = {isa = PBXFileReference; lastKnownFileType = sourcecode.swift; path = WordDetail.swift; sourceTree = "<group>"; };
		85C805D224679B800046A84B /* WordList.swift */ = {isa = PBXFileReference; lastKnownFileType = sourcecode.swift; path = WordList.swift; sourceTree = "<group>"; };
/* End PBXFileReference section */

/* Begin PBXFrameworksBuildPhase section */
		85C805AE2467969F0046A84B /* Frameworks */ = {
			isa = PBXFrameworksBuildPhase;
			buildActionMask = 2147483647;
			files = (
			);
			runOnlyForDeploymentPostprocessing = 0;
		};
/* End PBXFrameworksBuildPhase section */

/* Begin PBXGroup section */
		8513915C2467C0D600DCE576 /* common */ = {
			isa = PBXGroup;
			children = (
				8513915D2467C19000DCE576 /* color.swift */,
				8513915F2467F2EF00DCE576 /* textfield.swift */,
			);
			path = common;
			sourceTree = "<group>";
		};
		85C805A82467969F0046A84B = {
			isa = PBXGroup;
			children = (
				85C805B32467969F0046A84B /* cqq */,
				85C805B22467969F0046A84B /* Products */,
			);
			sourceTree = "<group>";
		};
		85C805B22467969F0046A84B /* Products */ = {
			isa = PBXGroup;
			children = (
				85C805B12467969F0046A84B /* cqq.app */,
			);
			name = Products;
			sourceTree = "<group>";
		};
		85C805B32467969F0046A84B /* cqq */ = {
			isa = PBXGroup;
			children = (
				8513915C2467C0D600DCE576 /* common */,
				85C805CB246797100046A84B /* data */,
				85C805C8246796D90046A84B /* screens */,
				85C805B42467969F0046A84B /* AppDelegate.swift */,
				85C805B62467969F0046A84B /* SceneDelegate.swift */,
				85C805BA246796A10046A84B /* Assets.xcassets */,
				85C805BF246796A10046A84B /* LaunchScreen.storyboard */,
				85C805C2246796A10046A84B /* Info.plist */,
				85C805BC246796A10046A84B /* Preview Content */,
			);
			path = cqq;
			sourceTree = "<group>";
		};
		85C805BC246796A10046A84B /* Preview Content */ = {
			isa = PBXGroup;
			children = (
				85C805BD246796A10046A84B /* Preview Assets.xcassets */,
			);
			path = "Preview Content";
			sourceTree = "<group>";
		};
		85C805C8246796D90046A84B /* screens */ = {
			isa = PBXGroup;
			children = (
				85C805B82467969F0046A84B /* ContentView.swift */,
				85C805C9246796F40046A84B /* WordColumn.swift */,
				85C805D024679A2F0046A84B /* WordDetail.swift */,
				85C805D224679B800046A84B /* WordList.swift */,
				8513915A2467BA6E00DCE576 /* WordForm.swift */,
			);
			path = screens;
			sourceTree = "<group>";
		};
		85C805CB246797100046A84B /* data */ = {
			isa = PBXGroup;
			children = (
				85C805CC246797250046A84B /* Word.swift */,
				85C805CE246797820046A84B /* API.swift */,
			);
			path = data;
			sourceTree = "<group>";
		};
/* End PBXGroup section */

/* Begin PBXNativeTarget section */
		85C805B02467969F0046A84B /* cqq */ = {
			isa = PBXNativeTarget;
			buildConfigurationList = 85C805C5246796A10046A84B /* Build configuration list for PBXNativeTarget "cqq" */;
			buildPhases = (
				85C805AD2467969F0046A84B /* Sources */,
				85C805AE2467969F0046A84B /* Frameworks */,
				85C805AF2467969F0046A84B /* Resources */,
			);
			buildRules = (
			);
			dependencies = (
			);
			name = cqq;
			productName = cqq;
			productReference = 85C805B12467969F0046A84B /* cqq.app */;
			productType = "com.apple.product-type.application";
		};
/* End PBXNativeTarget section */

/* Begin PBXProject section */
		85C805A92467969F0046A84B /* Project object */ = {
			isa = PBXProject;
			attributes = {
				LastSwiftUpdateCheck = 1140;
				LastUpgradeCheck = 1140;
				ORGANIZATIONNAME = jude;
				TargetAttributes = {
					85C805B02467969F0046A84B = {
						CreatedOnToolsVersion = 11.4.1;
					};
				};
			};
			buildConfigurationList = 85C805AC2467969F0046A84B /* Build configuration list for PBXProject "cqq" */;
			compatibilityVersion = "Xcode 9.3";
			developmentRegion = en;
			hasScannedForEncodings = 0;
			knownRegions = (
				en,
				Base,
			);
			mainGroup = 85C805A82467969F0046A84B;
			productRefGroup = 85C805B22467969F0046A84B /* Products */;
			projectDirPath = "";
			projectRoot = "";
			targets = (
				85C805B02467969F0046A84B /* cqq */,
			);
		};
/* End PBXProject section */

/* Begin PBXResourcesBuildPhase section */
		85C805AF2467969F0046A84B /* Resources */ = {
			isa = PBXResourcesBuildPhase;
			buildActionMask = 2147483647;
			files = (
				85C805C1246796A10046A84B /* LaunchScreen.storyboard in Resources */,
				85C805BE246796A10046A84B /* Preview Assets.xcassets in Resources */,
				85C805BB246796A10046A84B /* Assets.xcassets in Resources */,
			);
			runOnlyForDeploymentPostprocessing = 0;
		};
/* End PBXResourcesBuildPhase section */

/* Begin PBXSourcesBuildPhase section */
		85C805AD2467969F0046A84B /* Sources */ = {
			isa = PBXSourcesBuildPhase;
			buildActionMask = 2147483647;
			files = (
				85C805B52467969F0046A84B /* AppDelegate.swift in Sources */,
				85C805D324679B800046A84B /* WordList.swift in Sources */,
				85C805B72467969F0046A84B /* SceneDelegate.swift in Sources */,
				8513915E2467C19000DCE576 /* color.swift in Sources */,
				8513915B2467BA6E00DCE576 /* WordForm.swift in Sources */,
				85C805D124679A2F0046A84B /* WordDetail.swift in Sources */,
				85C805CD246797250046A84B /* Word.swift in Sources */,
				851391602467F2EF00DCE576 /* textfield.swift in Sources */,
				85C805CA246796F40046A84B /* WordColumn.swift in Sources */,
				85C805CF246797820046A84B /* API.swift in Sources */,
				85C805B92467969F0046A84B /* ContentView.swift in Sources */,
			);
			runOnlyForDeploymentPostprocessing = 0;
		};
/* End PBXSourcesBuildPhase section */

/* Begin PBXVariantGroup section */
		85C805BF246796A10046A84B /* LaunchScreen.storyboard */ = {
			isa = PBXVariantGroup;
			children = (
				85C805C0246796A10046A84B /* Base */,
			);
			name = LaunchScreen.storyboard;
			sourceTree = "<group>";
		};
/* End PBXVariantGroup section */

/* Begin XCBuildConfiguration section */
		85C805C3246796A10046A84B /* Debug */ = {
			isa = XCBuildConfiguration;
			buildSettings = {
				ALWAYS_SEARCH_USER_PATHS = NO;
				CLANG_ANALYZER_NONNULL = YES;
				CLANG_ANALYZER_NUMBER_OBJECT_CONVERSION = YES_AGGRESSIVE;
				CLANG_CXX_LANGUAGE_STANDARD = "gnu++14";
				CLANG_CXX_LIBRARY = "libc++";
				CLANG_ENABLE_MODULES = YES;
				CLANG_ENABLE_OBJC_ARC = YES;
				CLANG_ENABLE_OBJC_WEAK = YES;
				CLANG_WARN_BLOCK_CAPTURE_AUTORELEASING = YES;
				CLANG_WARN_BOOL_CONVERSION = YES;
				CLANG_WARN_COMMA = YES;
				CLANG_WARN_CONSTANT_CONVERSION = YES;
				CLANG_WARN_DEPRECATED_OBJC_IMPLEMENTATIONS = YES;
				CLANG_WARN_DIRECT_OBJC_ISA_USAGE = YES_ERROR;
				CLANG_WARN_DOCUMENTATION_COMMENTS = YES;
				CLANG_WARN_EMPTY_BODY = YES;
				CLANG_WARN_ENUM_CONVERSION = YES;
				CLANG_WARN_INFINITE_RECURSION = YES;
				CLANG_WARN_INT_CONVERSION = YES;
				CLANG_WARN_NON_LITERAL_NULL_CONVERSION = YES;
				CLANG_WARN_OBJC_IMPLICIT_RETAIN_SELF = YES;
				CLANG_WARN_OBJC_LITERAL_CONVERSION = YES;
				CLANG_WARN_OBJC_ROOT_CLASS = YES_ERROR;
				CLANG_WARN_RANGE_LOOP_ANALYSIS = YES;
				CLANG_WARN_STRICT_PROTOTYPES = YES;
				CLANG_WARN_SUSPICIOUS_MOVE = YES;
				CLANG_WARN_UNGUARDED_AVAILABILITY = YES_AGGRESSIVE;
				CLANG_WARN_UNREACHABLE_CODE = YES;
				CLANG_WARN__DUPLICATE_METHOD_MATCH = YES;
				COPY_PHASE_STRIP = NO;
				DEBUG_INFORMATION_FORMAT = dwarf;
				ENABLE_STRICT_OBJC_MSGSEND = YES;
				ENABLE_TESTABILITY = YES;
				GCC_C_LANGUAGE_STANDARD = gnu11;
				GCC_DYNAMIC_NO_PIC = NO;
				GCC_NO_COMMON_BLOCKS = YES;
				GCC_OPTIMIZATION_LEVEL = 0;
				GCC_PREPROCESSOR_DEFINITIONS = (
					"DEBUG=1",
					"$(inherited)",
				);
				GCC_WARN_64_TO_32_BIT_CONVERSION = YES;
				GCC_WARN_ABOUT_RETURN_TYPE = YES_ERROR;
				GCC_WARN_UNDECLARED_SELECTOR = YES;
				GCC_WARN_UNINITIALIZED_AUTOS = YES_AGGRESSIVE;
				GCC_WARN_UNUSED_FUNCTION = YES;
				GCC_WARN_UNUSED_VARIABLE = YES;
				IPHONEOS_DEPLOYMENT_TARGET = 13.4;
				MTL_ENABLE_DEBUG_INFO = INCLUDE_SOURCE;
				MTL_FAST_MATH = YES;
				ONLY_ACTIVE_ARCH = YES;
				SDKROOT = iphoneos;
				SWIFT_ACTIVE_COMPILATION_CONDITIONS = DEBUG;
				SWIFT_OPTIMIZATION_LEVEL = "-Onone";
			};
			name = Debug;
		};
		85C805C4246796A10046A84B /* Release */ = {
			isa = XCBuildConfiguration;
			buildSettings = {
				ALWAYS_SEARCH_USER_PATHS = NO;
				CLANG_ANALYZER_NONNULL = YES;
				CLANG_ANALYZER_NUMBER_OBJECT_CONVERSION = YES_AGGRESSIVE;
				CLANG_CXX_LANGUAGE_STANDARD = "gnu++14";
				CLANG_CXX_LIBRARY = "libc++";
				CLANG_ENABLE_MODULES = YES;
				CLANG_ENABLE_OBJC_ARC = YES;
				CLANG_ENABLE_OBJC_WEAK = YES;
				CLANG_WARN_BLOCK_CAPTURE_AUTORELEASING = YES;
				CLANG_WARN_BOOL_CONVERSION = YES;
				CLANG_WARN_COMMA = YES;
				CLANG_WARN_CONSTANT_CONVERSION = YES;
				CLANG_WARN_DEPRECATED_OBJC_IMPLEMENTATIONS = YES;
				CLANG_WARN_DIRECT_OBJC_ISA_USAGE = YES_ERROR;
				CLANG_WARN_DOCUMENTATION_COMMENTS = YES;
				CLANG_WARN_EMPTY_BODY = YES;
				CLANG_WARN_ENUM_CONVERSION = YES;
				CLANG_WARN_INFINITE_RECURSION = YES;
				CLANG_WARN_INT_CONVERSION = YES;
				CLANG_WARN_NON_LITERAL_NULL_CONVERSION = YES;
				CLANG_WARN_OBJC_IMPLICIT_RETAIN_SELF = YES;
				CLANG_WARN_OBJC_LITERAL_CONVERSION = YES;
				CLANG_WARN_OBJC_ROOT_CLASS = YES_ERROR;
				CLANG_WARN_RANGE_LOOP_ANALYSIS = YES;
				CLANG_WARN_STRICT_PROTOTYPES = YES;
				CLANG_WARN_SUSPICIOUS_MOVE = YES;
				CLANG_WARN_UNGUARDED_AVAILABILITY = YES_AGGRESSIVE;
				CLANG_WARN_UNREACHABLE_CODE = YES;
				CLANG_WARN__DUPLICATE_METHOD_MATCH = YES;
				COPY_PHASE_STRIP = NO;
				DEBUG_INFORMATION_FORMAT = "dwarf-with-dsym";
				ENABLE_NS_ASSERTIONS = NO;
				ENABLE_STRICT_OBJC_MSGSEND = YES;
				GCC_C_LANGUAGE_STANDARD = gnu11;
				GCC_NO_COMMON_BLOCKS = YES;
				GCC_WARN_64_TO_32_BIT_CONVERSION = YES;
				GCC_WARN_ABOUT_RETURN_TYPE = YES_ERROR;
				GCC_WARN_UNDECLARED_SELECTOR = YES;
				GCC_WARN_UNINITIALIZED_AUTOS = YES_AGGRESSIVE;
				GCC_WARN_UNUSED_FUNCTION = YES;
				GCC_WARN_UNUSED_VARIABLE = YES;
				IPHONEOS_DEPLOYMENT_TARGET = 13.4;
				MTL_ENABLE_DEBUG_INFO = NO;
				MTL_FAST_MATH = YES;
				SDKROOT = iphoneos;
				SWIFT_COMPILATION_MODE = wholemodule;
				SWIFT_OPTIMIZATION_LEVEL = "-O";
				VALIDATE_PRODUCT = YES;
			};
			name = Release;
		};
		85C805C6246796A10046A84B /* Debug */ = {
			isa = XCBuildConfiguration;
			buildSettings = {
				ASSETCATALOG_COMPILER_APPICON_NAME = AppIcon;
				CODE_SIGN_STYLE = Automatic;
				DEVELOPMENT_ASSET_PATHS = "\"cqq/Preview Content\"";
				DEVELOPMENT_TEAM = W6K43KA5J6;
				ENABLE_PREVIEWS = YES;
				INFOPLIST_FILE = cqq/Info.plist;
				LD_RUNPATH_SEARCH_PATHS = (
					"$(inherited)",
					"@executable_path/Frameworks",
				);
				PRODUCT_BUNDLE_IDENTIFIER = Jude.cqq;
				PRODUCT_NAME = "$(TARGET_NAME)";
				SWIFT_VERSION = 5.0;
				TARGETED_DEVICE_FAMILY = "1,2";
			};
			name = Debug;
		};
		85C805C7246796A10046A84B /* Release */ = {
			isa = XCBuildConfiguration;
			buildSettings = {
				ASSETCATALOG_COMPILER_APPICON_NAME = AppIcon;
				CODE_SIGN_STYLE = Automatic;
				DEVELOPMENT_ASSET_PATHS = "\"cqq/Preview Content\"";
				DEVELOPMENT_TEAM = W6K43KA5J6;
				ENABLE_PREVIEWS = YES;
				INFOPLIST_FILE = cqq/Info.plist;
				LD_RUNPATH_SEARCH_PATHS = (
					"$(inherited)",
					"@executable_path/Frameworks",
				);
				PRODUCT_BUNDLE_IDENTIFIER = Jude.cqq;
				PRODUCT_NAME = "$(TARGET_NAME)";
				SWIFT_VERSION = 5.0;
				TARGETED_DEVICE_FAMILY = "1,2";
			};
			name = Release;
		};
/* End XCBuildConfiguration section */

/* Begin XCConfigurationList section */
		85C805AC2467969F0046A84B /* Build configuration list for PBXProject "cqq" */ = {
			isa = XCConfigurationList;
			buildConfigurations = (
				85C805C3246796A10046A84B /* Debug */,
				85C805C4246796A10046A84B /* Release */,
			);
			defaultConfigurationIsVisible = 0;
			defaultConfigurationName = Release;
		};
		85C805C5246796A10046A84B /* Build configuration list for PBXNativeTarget "cqq" */ = {
			isa = XCConfigurationList;
			buildConfigurations = (
				85C805C6246796A10046A84B /* Debug */,
				85C805C7246796A10046A84B /* Release */,
			);
			defaultConfigurationIsVisible = 0;
			defaultConfigurationName = Release;
		};
/* End XCConfigurationList section */
	};
	rootObject = 85C805A92467969F0046A84B /* Project object */;
}
